
Microsoft Visual Studio Solution File, Format Version 12.00
# Visual Studio Version 17
VisualStudioVersion = 17.11.35303.130
MinimumVisualStudioVersion = 10.0.40219.1
Project("{2150E333-8FDC-42A3-9474-1A3956D46DE8}") = "Task0", "Task0", "{F95E22CF-2660-4DF7-A64C-686E0F0F650A}"
EndProject
Project("{9A19103F-16F7-4668-BE54-9A1E7A4F7556}") = "Tyuiu.GurzanVM.Sprint5.Task0.V2", "Tyuiu.GurzanVM.Sprint5.Task0.V2\Tyuiu.GurzanVM.Sprint5.Task0.V2.csproj", "{1FDD1AA1-0D29-4FB2-A355-97108F510FC2}"
EndProject
Project("{9A19103F-16F7-4668-BE54-9A1E7A4F7556}") = "Tyuiu.GurzanVM.Sprint5.Task0.V2.Lib", "Tyuiu.GurzanVM.Sprint5.Task0.V2.Lib\Tyuiu.GurzanVM.Sprint5.Task0.V2.Lib.csproj", "{9C9CE528-EEBA-4CA2-BF7F-ADB61A13274A}"
EndProject
Project("{9A19103F-16F7-4668-BE54-9A1E7A4F7556}") = "Tyuiu.GurzanVM.Sprint5.Task0.V2.Test", "Tyuiu.GurzanVM.Sprint5.Task0.V2.Test\Tyuiu.GurzanVM.Sprint5.Task0.V2.Test.csproj", "{8C02B105-6667-47E9-9F0A-3A889C05C54C}"
EndProject
Project("{2150E333-8FDC-42A3-9474-1A3956D46DE8}") = "Task1", "Task1", "{09115A77-4D0C-42B5-B071-F26573B16BAE}"
EndProject
Project("{9A19103F-16F7-4668-BE54-9A1E7A4F7556}") = "Tyuiu.GurzanVM.Sprint5.Task1.V28", "Tyuiu.GurzanVM.Sprint5.Task1.V28\Tyuiu.GurzanVM.Sprint5.Task1.V28.csproj", "{F6A2B547-BC7D-4C97-BB22-5D79D9BA2A94}"
EndProject
Project("{9A19103F-16F7-4668-BE54-9A1E7A4F7556}") = "Tyuiu.GurzanVM.Sprint5.Task1.V28.Lib", "Tyuiu.GurzanVM.Sprint5.Task1.V28.Lib\Tyuiu.GurzanVM.Sprint5.Task1.V28.Lib.csproj", "{BCB773DF-CFE6-4502-9613-319ECE0E9E14}"
EndProject
Project("{9A19103F-16F7-4668-BE54-9A1E7A4F7556}") = "Tyuiu.GurzanVM.Sprint5.Task1.V28.Test", "Tyuiu.GurzanVM.Sprint5.Task1.V28.Test\Tyuiu.GurzanVM.Sprint5.Task1.V28.Test.csproj", "{1E3E6477-F774-4F38-91DF-A5DC6AE55943}"
EndProject
Project("{2150E333-8FDC-42A3-9474-1A3956D46DE8}") = "Task2", "Task2", "{08C3B124-840A-46B1-9F75-629C36E54B12}"
EndProject
Project("{9A19103F-16F7-4668-BE54-9A1E7A4F7556}") = "Tyuiu.GurzanVM.Sprint5.Task2.V24", "Tyuiu.GurzanVM.Sprint5.Task2.V24\Tyuiu.GurzanVM.Sprint5.Task2.V24.csproj", "{62465ADC-34BF-40B1-B349-EE2A5DB2C775}"
EndProject
Project("{9A19103F-16F7-4668-BE54-9A1E7A4F7556}") = "Tyuiu.GurzanVM.Sprint5.Task2.V24.Lib", "Tyuiu.GurzanVM.Sprint5.Task2.V24.Lib\Tyuiu.GurzanVM.Sprint5.Task2.V24.Lib.csproj", "{013AF417-8900-4BE8-BC84-9567058E0BEE}"
EndProject
Project("{9A19103F-16F7-4668-BE54-9A1E7A4F7556}") = "Tyuiu.GurzanVM.Sprint5.Task2.V24.Test", "Tyuiu.GurzanVM.Sprint5.Task2.V24.Test\Tyuiu.GurzanVM.Sprint5.Task2.V24.Test.csproj", "{2EEAA5DB-42D9-47DB-874D-2EDF64AE113E}"
EndProject
Project("{2150E333-8FDC-42A3-9474-1A3956D46DE8}") = "Task3", "Task3", "{F2336240-5CC8-48E8-83A9-2B2F4CC98E9C}"
EndProject
Project("{9A19103F-16F7-4668-BE54-9A1E7A4F7556}") = "Tyuiu.GurzanVM.Sprint5.Task3.V20", "Tyuiu.GurzanVM.Sprint5.Task3.V20\Tyuiu.GurzanVM.Sprint5.Task3.V20.csproj", "{79F0BEF1-6FD0-463D-A9DD-AE4F248882F6}"
EndProject
Project("{9A19103F-16F7-4668-BE54-9A1E7A4F7556}") = "Tyuiu.GurzanVM.Sprint5.Task3.V20.Lib", "Tyuiu.GurzanVM.Sprint5.Task3.V20.Lib\Tyuiu.GurzanVM.Sprint5.Task3.V20.Lib.csproj", "{F5B9E537-F2FB-4CBF-8F51-8DCF6937F040}"
EndProject
Project("{9A19103F-16F7-4668-BE54-9A1E7A4F7556}") = "Tyuiu.GurzanVM.Sprint5.Task3.V20.Test", "Tyuiu.GurzanVM.Sprint5.Task3.V20.Test\Tyuiu.GurzanVM.Sprint5.Task3.V20.Test.csproj", "{68EA0AC2-C5F1-4355-BFC3-1ACDF46448BB}"
EndProject
Project("{2150E333-8FDC-42A3-9474-1A3956D46DE8}") = "Task4", "Task4", "{C65F3713-A1EF-4847-B7F5-3ED5E2DB66E0}"
EndProject
Project("{9A19103F-16F7-4668-BE54-9A1E7A4F7556}") = "Tyuiu.GurzanVM.Sprint5.Task4.V19", "Tyuiu.GurzanVM.Sprint5.Task4.V19\Tyuiu.GurzanVM.Sprint5.Task4.V19.csproj", "{34F91A38-AE3F-447B-8C7B-A82F4506B01D}"
EndProject
Project("{9A19103F-16F7-4668-BE54-9A1E7A4F7556}") = "Tyuiu.GurzanVM.Sprint5.Task4.V19.Lib", "Tyuiu.GurzanVM.Sprint5.Task4.V19.Lib\Tyuiu.GurzanVM.Sprint5.Task4.V19.Lib.csproj", "{A775E36A-D6AE-4529-88AB-AC08C3000AA0}"
EndProject
Project("{9A19103F-16F7-4668-BE54-9A1E7A4F7556}") = "Tyuiu.GurzanVM.Sprint5.Task4.V19.Test", "Tyuiu.GurzanVM.Sprint5.Task4.V19.Test\Tyuiu.GurzanVM.Sprint5.Task4.V19.Test.csproj", "{3B286DBB-CE81-4B08-8C3B-1FCCAA86B58D}"
EndProject
Project("{2150E333-8FDC-42A3-9474-1A3956D46DE8}") = "Task5", "Task5", "{36925024-B998-41A1-8237-95E7CF58DAD7}"
EndProject
Project("{9A19103F-16F7-4668-BE54-9A1E7A4F7556}") = "Tyuiu.GurzanVM.Sprint5.Task5.V8", "Tyuiu.GurzanVM.Sprint5.Task5.V8\Tyuiu.GurzanVM.Sprint5.Task5.V8.csproj", "{9BB77132-28E3-44C8-8825-62DB318C9320}"
EndProject
Project("{9A19103F-16F7-4668-BE54-9A1E7A4F7556}") = "Tyuiu.GurzanVM.Sprint5.Task5.V8.Lib", "Tyuiu.GurzanVM.Sprint5.Task5.V8.Lib\Tyuiu.GurzanVM.Sprint5.Task5.V8.Lib.csproj", "{010B0EA3-10FD-481F-8DEC-DD16CC1320B3}"
EndProject
Project("{9A19103F-16F7-4668-BE54-9A1E7A4F7556}") = "Tyuiu.GurzanVM.Sprint5.Task5.V8.Test", "Tyuiu.GurzanVM.Sprint5.Task5.V8.Test\Tyuiu.GurzanVM.Sprint5.Task5.V8.Test.csproj", "{D1893220-A389-4D68-A227-031588DA0FF9}"
EndProject
Project("{2150E333-8FDC-42A3-9474-1A3956D46DE8}") = "Task6", "Task6", "{E5A67F4C-9E07-44EB-87BF-184E29CDE17D}"
EndProject
Project("{FAE04EC0-301F-11D3-BF4B-00C04F79EFBC}") = "Tyuiu.GurzanVM.Sprint5.Task6.V17", "Tyuiu.GurzanVM.Sprint5.Task6.V17\Tyuiu.GurzanVM.Sprint5.Task6.V17.csproj", "{213AB985-FBD5-4759-A887-EDFFA9CDB6C2}"
EndProject
Project("{FAE04EC0-301F-11D3-BF4B-00C04F79EFBC}") = "Tyuiu.GurzanVM.Sprint5.Task6.V17.Lib", "Tyuiu.GurzanVM.Sprint5.Task6.V17.Lib\Tyuiu.GurzanVM.Sprint5.Task6.V17.Lib.csproj", "{B754F0B3-9663-4270-A287-7A5E7E4D49B3}"
EndProject
Project("{FAE04EC0-301F-11D3-BF4B-00C04F79EFBC}") = "Tyuiu.GurzanVM.Sprint5.Task6.V17.Test", "Tyuiu.GurzanVM.Sprint5.Task6.V17.Test\Tyuiu.GurzanVM.Sprint5.Task6.V17.Test.csproj", "{60C279F4-38D1-4EC4-9913-7BA135BB6A17}"
EndProject
Global
	GlobalSection(SolutionConfigurationPlatforms) = preSolution
		Debug|Any CPU = Debug|Any CPU
		Release|Any CPU = Release|Any CPU
	EndGlobalSection
	GlobalSection(ProjectConfigurationPlatforms) = postSolution
		{1FDD1AA1-0D29-4FB2-A355-97108F510FC2}.Debug|Any CPU.ActiveCfg = Debug|Any CPU
		{1FDD1AA1-0D29-4FB2-A355-97108F510FC2}.Debug|Any CPU.Build.0 = Debug|Any CPU
		{1FDD1AA1-0D29-4FB2-A355-97108F510FC2}.Release|Any CPU.ActiveCfg = Release|Any CPU
		{1FDD1AA1-0D29-4FB2-A355-97108F510FC2}.Release|Any CPU.Build.0 = Release|Any CPU
		{9C9CE528-EEBA-4CA2-BF7F-ADB61A13274A}.Debug|Any CPU.ActiveCfg = Debug|Any CPU
		{9C9CE528-EEBA-4CA2-BF7F-ADB61A13274A}.Debug|Any CPU.Build.0 = Debug|Any CPU
		{9C9CE528-EEBA-4CA2-BF7F-ADB61A13274A}.Release|Any CPU.ActiveCfg = Release|Any CPU
		{9C9CE528-EEBA-4CA2-BF7F-ADB61A13274A}.Release|Any CPU.Build.0 = Release|Any CPU
		{8C02B105-6667-47E9-9F0A-3A889C05C54C}.Debug|Any CPU.ActiveCfg = Debug|Any CPU
		{8C02B105-6667-47E9-9F0A-3A889C05C54C}.Debug|Any CPU.Build.0 = Debug|Any CPU
		{8C02B105-6667-47E9-9F0A-3A889C05C54C}.Release|Any CPU.ActiveCfg = Release|Any CPU
		{8C02B105-6667-47E9-9F0A-3A889C05C54C}.Release|Any CPU.Build.0 = Release|Any CPU
		{F6A2B547-BC7D-4C97-BB22-5D79D9BA2A94}.Debug|Any CPU.ActiveCfg = Debug|Any CPU
		{F6A2B547-BC7D-4C97-BB22-5D79D9BA2A94}.Debug|Any CPU.Build.0 = Debug|Any CPU
		{F6A2B547-BC7D-4C97-BB22-5D79D9BA2A94}.Release|Any CPU.ActiveCfg = Release|Any CPU
		{F6A2B547-BC7D-4C97-BB22-5D79D9BA2A94}.Release|Any CPU.Build.0 = Release|Any CPU
		{BCB773DF-CFE6-4502-9613-319ECE0E9E14}.Debug|Any CPU.ActiveCfg = Debug|Any CPU
		{BCB773DF-CFE6-4502-9613-319ECE0E9E14}.Debug|Any CPU.Build.0 = Debug|Any CPU
		{BCB773DF-CFE6-4502-9613-319ECE0E9E14}.Release|Any CPU.ActiveCfg = Release|Any CPU
		{BCB773DF-CFE6-4502-9613-319ECE0E9E14}.Release|Any CPU.Build.0 = Release|Any CPU
		{1E3E6477-F774-4F38-91DF-A5DC6AE55943}.Debug|Any CPU.ActiveCfg = Debug|Any CPU
		{1E3E6477-F774-4F38-91DF-A5DC6AE55943}.Debug|Any CPU.Build.0 = Debug|Any CPU
		{1E3E6477-F774-4F38-91DF-A5DC6AE55943}.Release|Any CPU.ActiveCfg = Release|Any CPU
		{1E3E6477-F774-4F38-91DF-A5DC6AE55943}.Release|Any CPU.Build.0 = Release|Any CPU
		{62465ADC-34BF-40B1-B349-EE2A5DB2C775}.Debug|Any CPU.ActiveCfg = Debug|Any CPU
		{62465ADC-34BF-40B1-B349-EE2A5DB2C775}.Debug|Any CPU.Build.0 = Debug|Any CPU
		{62465ADC-34BF-40B1-B349-EE2A5DB2C775}.Release|Any CPU.ActiveCfg = Release|Any CPU
		{62465ADC-34BF-40B1-B349-EE2A5DB2C775}.Release|Any CPU.Build.0 = Release|Any CPU
		{013AF417-8900-4BE8-BC84-9567058E0BEE}.Debug|Any CPU.ActiveCfg = Debug|Any CPU
		{013AF417-8900-4BE8-BC84-9567058E0BEE}.Debug|Any CPU.Build.0 = Debug|Any CPU
		{013AF417-8900-4BE8-BC84-9567058E0BEE}.Release|Any CPU.ActiveCfg = Release|Any CPU
		{013AF417-8900-4BE8-BC84-9567058E0BEE}.Release|Any CPU.Build.0 = Release|Any CPU
		{2EEAA5DB-42D9-47DB-874D-2EDF64AE113E}.Debug|Any CPU.ActiveCfg = Debug|Any CPU
		{2EEAA5DB-42D9-47DB-874D-2EDF64AE113E}.Debug|Any CPU.Build.0 = Debug|Any CPU
		{2EEAA5DB-42D9-47DB-874D-2EDF64AE113E}.Release|Any CPU.ActiveCfg = Release|Any CPU
		{2EEAA5DB-42D9-47DB-874D-2EDF64AE113E}.Release|Any CPU.Build.0 = Release|Any CPU
		{79F0BEF1-6FD0-463D-A9DD-AE4F248882F6}.Debug|Any CPU.ActiveCfg = Debug|Any CPU
		{79F0BEF1-6FD0-463D-A9DD-AE4F248882F6}.Debug|Any CPU.Build.0 = Debug|Any CPU
		{79F0BEF1-6FD0-463D-A9DD-AE4F248882F6}.Release|Any CPU.ActiveCfg = Release|Any CPU
		{79F0BEF1-6FD0-463D-A9DD-AE4F248882F6}.Release|Any CPU.Build.0 = Release|Any CPU
		{F5B9E537-F2FB-4CBF-8F51-8DCF6937F040}.Debug|Any CPU.ActiveCfg = Debug|Any CPU
		{F5B9E537-F2FB-4CBF-8F51-8DCF6937F040}.Debug|Any CPU.Build.0 = Debug|Any CPU
		{F5B9E537-F2FB-4CBF-8F51-8DCF6937F040}.Release|Any CPU.ActiveCfg = Release|Any CPU
		{F5B9E537-F2FB-4CBF-8F51-8DCF6937F040}.Release|Any CPU.Build.0 = Release|Any CPU
		{68EA0AC2-C5F1-4355-BFC3-1ACDF46448BB}.Debug|Any CPU.ActiveCfg = Debug|Any CPU
		{68EA0AC2-C5F1-4355-BFC3-1ACDF46448BB}.Debug|Any CPU.Build.0 = Debug|Any CPU
		{68EA0AC2-C5F1-4355-BFC3-1ACDF46448BB}.Release|Any CPU.ActiveCfg = Release|Any CPU
		{68EA0AC2-C5F1-4355-BFC3-1ACDF46448BB}.Release|Any CPU.Build.0 = Release|Any CPU
		{34F91A38-AE3F-447B-8C7B-A82F4506B01D}.Debug|Any CPU.ActiveCfg = Debug|Any CPU
		{34F91A38-AE3F-447B-8C7B-A82F4506B01D}.Debug|Any CPU.Build.0 = Debug|Any CPU
		{34F91A38-AE3F-447B-8C7B-A82F4506B01D}.Release|Any CPU.ActiveCfg = Release|Any CPU
		{34F91A38-AE3F-447B-8C7B-A82F4506B01D}.Release|Any CPU.Build.0 = Release|Any CPU
		{A775E36A-D6AE-4529-88AB-AC08C3000AA0}.Debug|Any CPU.ActiveCfg = Debug|Any CPU
		{A775E36A-D6AE-4529-88AB-AC08C3000AA0}.Debug|Any CPU.Build.0 = Debug|Any CPU
		{A775E36A-D6AE-4529-88AB-AC08C3000AA0}.Release|Any CPU.ActiveCfg = Release|Any CPU
		{A775E36A-D6AE-4529-88AB-AC08C3000AA0}.Release|Any CPU.Build.0 = Release|Any CPU
		{3B286DBB-CE81-4B08-8C3B-1FCCAA86B58D}.Debug|Any CPU.ActiveCfg = Debug|Any CPU
		{3B286DBB-CE81-4B08-8C3B-1FCCAA86B58D}.Debug|Any CPU.Build.0 = Debug|Any CPU
		{3B286DBB-CE81-4B08-8C3B-1FCCAA86B58D}.Release|Any CPU.ActiveCfg = Release|Any CPU
		{3B286DBB-CE81-4B08-8C3B-1FCCAA86B58D}.Release|Any CPU.Build.0 = Release|Any CPU
		{9BB77132-28E3-44C8-8825-62DB318C9320}.Debug|Any CPU.ActiveCfg = Debug|Any CPU
		{9BB77132-28E3-44C8-8825-62DB318C9320}.Debug|Any CPU.Build.0 = Debug|Any CPU
		{9BB77132-28E3-44C8-8825-62DB318C9320}.Release|Any CPU.ActiveCfg = Release|Any CPU
		{9BB77132-28E3-44C8-8825-62DB318C9320}.Release|Any CPU.Build.0 = Release|Any CPU
		{010B0EA3-10FD-481F-8DEC-DD16CC1320B3}.Debug|Any CPU.ActiveCfg = Debug|Any CPU
		{010B0EA3-10FD-481F-8DEC-DD16CC1320B3}.Debug|Any CPU.Build.0 = Debug|Any CPU
		{010B0EA3-10FD-481F-8DEC-DD16CC1320B3}.Release|Any CPU.ActiveCfg = Release|Any CPU
		{010B0EA3-10FD-481F-8DEC-DD16CC1320B3}.Release|Any CPU.Build.0 = Release|Any CPU
		{D1893220-A389-4D68-A227-031588DA0FF9}.Debug|Any CPU.ActiveCfg = Debug|Any CPU
		{D1893220-A389-4D68-A227-031588DA0FF9}.Debug|Any CPU.Build.0 = Debug|Any CPU
		{D1893220-A389-4D68-A227-031588DA0FF9}.Release|Any CPU.ActiveCfg = Release|Any CPU
		{D1893220-A389-4D68-A227-031588DA0FF9}.Release|Any CPU.Build.0 = Release|Any CPU
		{213AB985-FBD5-4759-A887-EDFFA9CDB6C2}.Debug|Any CPU.ActiveCfg = Debug|Any CPU
		{213AB985-FBD5-4759-A887-EDFFA9CDB6C2}.Debug|Any CPU.Build.0 = Debug|Any CPU
		{213AB985-FBD5-4759-A887-EDFFA9CDB6C2}.Release|Any CPU.ActiveCfg = Release|Any CPU
		{213AB985-FBD5-4759-A887-EDFFA9CDB6C2}.Release|Any CPU.Build.0 = Release|Any CPU
		{B754F0B3-9663-4270-A287-7A5E7E4D49B3}.Debug|Any CPU.ActiveCfg = Debug|Any CPU
		{B754F0B3-9663-4270-A287-7A5E7E4D49B3}.Debug|Any CPU.Build.0 = Debug|Any CPU
		{B754F0B3-9663-4270-A287-7A5E7E4D49B3}.Release|Any CPU.ActiveCfg = Release|Any CPU
		{B754F0B3-9663-4270-A287-7A5E7E4D49B3}.Release|Any CPU.Build.0 = Release|Any CPU
		{60C279F4-38D1-4EC4-9913-7BA135BB6A17}.Debug|Any CPU.ActiveCfg = Debug|Any CPU
		{60C279F4-38D1-4EC4-9913-7BA135BB6A17}.Debug|Any CPU.Build.0 = Debug|Any CPU
		{60C279F4-38D1-4EC4-9913-7BA135BB6A17}.Release|Any CPU.ActiveCfg = Release|Any CPU
		{60C279F4-38D1-4EC4-9913-7BA135BB6A17}.Release|Any CPU.Build.0 = Release|Any CPU
	EndGlobalSection
	GlobalSection(SolutionProperties) = preSolution
		HideSolutionNode = FALSE
	EndGlobalSection
	GlobalSection(NestedProjects) = preSolution
		{1FDD1AA1-0D29-4FB2-A355-97108F510FC2} = {F95E22CF-2660-4DF7-A64C-686E0F0F650A}
		{9C9CE528-EEBA-4CA2-BF7F-ADB61A13274A} = {F95E22CF-2660-4DF7-A64C-686E0F0F650A}
		{8C02B105-6667-47E9-9F0A-3A889C05C54C} = {F95E22CF-2660-4DF7-A64C-686E0F0F650A}
		{F6A2B547-BC7D-4C97-BB22-5D79D9BA2A94} = {09115A77-4D0C-42B5-B071-F26573B16BAE}
		{BCB773DF-CFE6-4502-9613-319ECE0E9E14} = {09115A77-4D0C-42B5-B071-F26573B16BAE}
		{1E3E6477-F774-4F38-91DF-A5DC6AE55943} = {09115A77-4D0C-42B5-B071-F26573B16BAE}
		{62465ADC-34BF-40B1-B349-EE2A5DB2C775} = {08C3B124-840A-46B1-9F75-629C36E54B12}
		{013AF417-8900-4BE8-BC84-9567058E0BEE} = {08C3B124-840A-46B1-9F75-629C36E54B12}
		{2EEAA5DB-42D9-47DB-874D-2EDF64AE113E} = {08C3B124-840A-46B1-9F75-629C36E54B12}
		{79F0BEF1-6FD0-463D-A9DD-AE4F248882F6} = {F2336240-5CC8-48E8-83A9-2B2F4CC98E9C}
		{F5B9E537-F2FB-4CBF-8F51-8DCF6937F040} = {F2336240-5CC8-48E8-83A9-2B2F4CC98E9C}
		{68EA0AC2-C5F1-4355-BFC3-1ACDF46448BB} = {F2336240-5CC8-48E8-83A9-2B2F4CC98E9C}
		{34F91A38-AE3F-447B-8C7B-A82F4506B01D} = {C65F3713-A1EF-4847-B7F5-3ED5E2DB66E0}
		{A775E36A-D6AE-4529-88AB-AC08C3000AA0} = {C65F3713-A1EF-4847-B7F5-3ED5E2DB66E0}
		{3B286DBB-CE81-4B08-8C3B-1FCCAA86B58D} = {C65F3713-A1EF-4847-B7F5-3ED5E2DB66E0}
		{9BB77132-28E3-44C8-8825-62DB318C9320} = {36925024-B998-41A1-8237-95E7CF58DAD7}
		{010B0EA3-10FD-481F-8DEC-DD16CC1320B3} = {36925024-B998-41A1-8237-95E7CF58DAD7}
		{D1893220-A389-4D68-A227-031588DA0FF9} = {36925024-B998-41A1-8237-95E7CF58DAD7}
		{213AB985-FBD5-4759-A887-EDFFA9CDB6C2} = {E5A67F4C-9E07-44EB-87BF-184E29CDE17D}
		{B754F0B3-9663-4270-A287-7A5E7E4D49B3} = {E5A67F4C-9E07-44EB-87BF-184E29CDE17D}
		{60C279F4-38D1-4EC4-9913-7BA135BB6A17} = {E5A67F4C-9E07-44EB-87BF-184E29CDE17D}
	EndGlobalSection
	GlobalSection(ExtensibilityGlobals) = postSolution
		SolutionGuid = {8A53D4CB-0E5C-4CAB-B515-6A0B03641DFE}
	EndGlobalSection
EndGlobal
